
Microsoft Visual Studio Solution File, Format Version 12.00
# Visual Studio Version 16
VisualStudioVersion = 16.0.31605.320
MinimumVisualStudioVersion = 10.0.40219.1
Project("{FAE04EC0-301F-11D3-BF4B-00C04F79EFBC}") = "ConsoleApp2", "ConsoleApp2\ConsoleApp2.csproj", "{C78B5CED-B3C1-4679-94B6-1BF20EB8498E}"
EndProject
Global
	GlobalSection(SolutionConfigurationPlatforms) = preSolution
		Debug|Any CPU = Debug|Any CPU
		Release|Any CPU = Release|Any CPU
	EndGlobalSection
	GlobalSection(ProjectConfigurationPlatforms) = postSolution
		{C78B5CED-B3C1-4679-94B6-1BF20EB8498E}.Debug|Any CPU.ActiveCfg = Debug|Any CPU
		{C78B5CED-B3C1-4679-94B6-1BF20EB8498E}.Debug|Any CPU.Build.0 = Debug|Any CPU
		{C78B5CED-B3C1-4679-94B6-1BF20EB8498E}.Release|Any CPU.ActiveCfg = Release|Any CPU
		{C78B5CED-B3C1-4679-94B6-1BF20EB8498E}.Release|Any CPU.Build.0 = Release|Any CPU
	EndGlobalSection
	GlobalSection(SolutionProperties) = preSolution
		HideSolutionNode = FALSE
	EndGlobalSection
	GlobalSection(ExtensibilityGlobals) = postSolution
		SolutionGuid = {AD162F35-3496-4B61-8DE2-30600B7B7C02}
	EndGlobalSection
EndGlobal
